
Microsoft Visual Studio Solution File, Format Version 12.00
# Visual Studio Version 17
VisualStudioVersion = 17.11.35208.52
MinimumVisualStudioVersion = 10.0.40219.1
Project("{FAE04EC0-301F-11D3-BF4B-00C04F79EFBC}") = "pvvbai5", "pvvbai5\pvvbai5.csproj", "{6FB87113-66B0-403D-BD0E-39DED972DDD0}"
EndProject
Global
	GlobalSection(SolutionConfigurationPlatforms) = preSolution
		Debug|Any CPU = Debug|Any CPU
		Release|Any CPU = Release|Any CPU
	EndGlobalSection
	GlobalSection(ProjectConfigurationPlatforms) = postSolution
		{6FB87113-66B0-403D-BD0E-39DED972DDD0}.Debug|Any CPU.ActiveCfg = Debug|Any CPU
		{6FB87113-66B0-403D-BD0E-39DED972DDD0}.Debug|Any CPU.Build.0 = Debug|Any CPU
		{6FB87113-66B0-403D-BD0E-39DED972DDD0}.Release|Any CPU.ActiveCfg = Release|Any CPU
		{6FB87113-66B0-403D-BD0E-39DED972DDD0}.Release|Any CPU.Build.0 = Release|Any CPU
	EndGlobalSection
	GlobalSection(SolutionProperties) = preSolution
		HideSolutionNode = FALSE
	EndGlobalSection
	GlobalSection(ExtensibilityGlobals) = postSolution
		SolutionGuid = {7D1D3C94-FD98-48C7-BDC0-B9FA9B41100B}
	EndGlobalSection
EndGlobal
